
Microsoft Visual Studio Solution File, Format Version 12.00
# Visual Studio 15
VisualStudioVersion = 15.0.26124.0
MinimumVisualStudioVersion = 15.0.26124.0
Project("{2150E333-8FDC-42A3-9474-1A3956D46DE8}") = "src", "src", "{8EF5C875-5D77-4429-98D7-E8846C91E42C}"
EndProject
Project("{2150E333-8FDC-42A3-9474-1A3956D46DE8}") = "domain", "domain", "{D2F7E48A-E3BA-4EB3-8190-36BE3A59AA16}"
EndProject
Project("{FAE04EC0-301F-11D3-BF4B-00C04F79EFBC}") = "DCMW.Domain", "src\domain\DCMW.Domain\DCMW.Domain.csproj", "{B1834674-8ED9-47E7-824C-37701F482A76}"
EndProject
Project("{2150E333-8FDC-42A3-9474-1A3956D46DE8}") = "infrastructure", "infrastructure", "{757EE5F9-DA78-4307-AC37-B7D9E57D8793}"
EndProject
Project("{FAE04EC0-301F-11D3-BF4B-00C04F79EFBC}") = "DCMW.Infrastructure", "src\infrastructure\DCMW.Infrastructure\DCMW.Infrastructure.csproj", "{63C029EE-1501-44A1-88EB-3E08CC1C2C65}"
EndProject
Project("{2150E333-8FDC-42A3-9474-1A3956D46DE8}") = "presenter", "presenter", "{96ACB353-2D9F-4A4C-A886-3E8DDD505965}"
EndProject
Project("{FAE04EC0-301F-11D3-BF4B-00C04F79EFBC}") = "DCMW.API", "src\presenter\DCMW.API\DCMW.API.csproj", "{999B7BC1-2187-4779-BAC9-311E6955D3D9}"
EndProject
Project("{2150E333-8FDC-42A3-9474-1A3956D46DE8}") = "usecases", "usecases", "{2261C871-32EB-4190-B6D6-B49BAC5E0252}"
EndProject
Project("{FAE04EC0-301F-11D3-BF4B-00C04F79EFBC}") = "DCMW.Application", "src\usecases\DCMW.Application\DCMW.Application.csproj", "{5AE08C9D-5B4B-46FE-AFE7-87796536823F}"
EndProject
Global
	GlobalSection(SolutionConfigurationPlatforms) = preSolution
		Debug|Any CPU = Debug|Any CPU
		Debug|x64 = Debug|x64
		Debug|x86 = Debug|x86
		Release|Any CPU = Release|Any CPU
		Release|x64 = Release|x64
		Release|x86 = Release|x86
	EndGlobalSection
	GlobalSection(SolutionProperties) = preSolution
		HideSolutionNode = FALSE
	EndGlobalSection
	GlobalSection(ProjectConfigurationPlatforms) = postSolution
		{7DAF5A56-91DC-40C1-B422-875A36C59098}.Debug|Any CPU.ActiveCfg = Debug|Any CPU
		{7DAF5A56-91DC-40C1-B422-875A36C59098}.Debug|Any CPU.Build.0 = Debug|Any CPU
		{7DAF5A56-91DC-40C1-B422-875A36C59098}.Debug|x64.ActiveCfg = Debug|Any CPU
		{7DAF5A56-91DC-40C1-B422-875A36C59098}.Debug|x64.Build.0 = Debug|Any CPU
		{7DAF5A56-91DC-40C1-B422-875A36C59098}.Debug|x86.ActiveCfg = Debug|Any CPU
		{7DAF5A56-91DC-40C1-B422-875A36C59098}.Debug|x86.Build.0 = Debug|Any CPU
		{7DAF5A56-91DC-40C1-B422-875A36C59098}.Release|Any CPU.ActiveCfg = Release|Any CPU
		{7DAF5A56-91DC-40C1-B422-875A36C59098}.Release|Any CPU.Build.0 = Release|Any CPU
		{7DAF5A56-91DC-40C1-B422-875A36C59098}.Release|x64.ActiveCfg = Release|Any CPU
		{7DAF5A56-91DC-40C1-B422-875A36C59098}.Release|x64.Build.0 = Release|Any CPU
		{7DAF5A56-91DC-40C1-B422-875A36C59098}.Release|x86.ActiveCfg = Release|Any CPU
		{7DAF5A56-91DC-40C1-B422-875A36C59098}.Release|x86.Build.0 = Release|Any CPU
		{B1834674-8ED9-47E7-824C-37701F482A76}.Debug|Any CPU.ActiveCfg = Debug|Any CPU
		{B1834674-8ED9-47E7-824C-37701F482A76}.Debug|Any CPU.Build.0 = Debug|Any CPU
		{B1834674-8ED9-47E7-824C-37701F482A76}.Debug|x64.ActiveCfg = Debug|Any CPU
		{B1834674-8ED9-47E7-824C-37701F482A76}.Debug|x64.Build.0 = Debug|Any CPU
		{B1834674-8ED9-47E7-824C-37701F482A76}.Debug|x86.ActiveCfg = Debug|Any CPU
		{B1834674-8ED9-47E7-824C-37701F482A76}.Debug|x86.Build.0 = Debug|Any CPU
		{B1834674-8ED9-47E7-824C-37701F482A76}.Release|Any CPU.ActiveCfg = Release|Any CPU
		{B1834674-8ED9-47E7-824C-37701F482A76}.Release|Any CPU.Build.0 = Release|Any CPU
		{B1834674-8ED9-47E7-824C-37701F482A76}.Release|x64.ActiveCfg = Release|Any CPU
		{B1834674-8ED9-47E7-824C-37701F482A76}.Release|x64.Build.0 = Release|Any CPU
		{B1834674-8ED9-47E7-824C-37701F482A76}.Release|x86.ActiveCfg = Release|Any CPU
		{B1834674-8ED9-47E7-824C-37701F482A76}.Release|x86.Build.0 = Release|Any CPU
		{63C029EE-1501-44A1-88EB-3E08CC1C2C65}.Debug|Any CPU.ActiveCfg = Debug|Any CPU
		{63C029EE-1501-44A1-88EB-3E08CC1C2C65}.Debug|Any CPU.Build.0 = Debug|Any CPU
		{63C029EE-1501-44A1-88EB-3E08CC1C2C65}.Debug|x64.ActiveCfg = Debug|Any CPU
		{63C029EE-1501-44A1-88EB-3E08CC1C2C65}.Debug|x64.Build.0 = Debug|Any CPU
		{63C029EE-1501-44A1-88EB-3E08CC1C2C65}.Debug|x86.ActiveCfg = Debug|Any CPU
		{63C029EE-1501-44A1-88EB-3E08CC1C2C65}.Debug|x86.Build.0 = Debug|Any CPU
		{63C029EE-1501-44A1-88EB-3E08CC1C2C65}.Release|Any CPU.ActiveCfg = Release|Any CPU
		{63C029EE-1501-44A1-88EB-3E08CC1C2C65}.Release|Any CPU.Build.0 = Release|Any CPU
		{63C029EE-1501-44A1-88EB-3E08CC1C2C65}.Release|x64.ActiveCfg = Release|Any CPU
		{63C029EE-1501-44A1-88EB-3E08CC1C2C65}.Release|x64.Build.0 = Release|Any CPU
		{63C029EE-1501-44A1-88EB-3E08CC1C2C65}.Release|x86.ActiveCfg = Release|Any CPU
		{63C029EE-1501-44A1-88EB-3E08CC1C2C65}.Release|x86.Build.0 = Release|Any CPU
		{999B7BC1-2187-4779-BAC9-311E6955D3D9}.Debug|Any CPU.ActiveCfg = Debug|Any CPU
		{999B7BC1-2187-4779-BAC9-311E6955D3D9}.Debug|Any CPU.Build.0 = Debug|Any CPU
		{999B7BC1-2187-4779-BAC9-311E6955D3D9}.Debug|x64.ActiveCfg = Debug|Any CPU
		{999B7BC1-2187-4779-BAC9-311E6955D3D9}.Debug|x64.Build.0 = Debug|Any CPU
		{999B7BC1-2187-4779-BAC9-311E6955D3D9}.Debug|x86.ActiveCfg = Debug|Any CPU
		{999B7BC1-2187-4779-BAC9-311E6955D3D9}.Debug|x86.Build.0 = Debug|Any CPU
		{999B7BC1-2187-4779-BAC9-311E6955D3D9}.Release|Any CPU.ActiveCfg = Release|Any CPU
		{999B7BC1-2187-4779-BAC9-311E6955D3D9}.Release|Any CPU.Build.0 = Release|Any CPU
		{999B7BC1-2187-4779-BAC9-311E6955D3D9}.Release|x64.ActiveCfg = Release|Any CPU
		{999B7BC1-2187-4779-BAC9-311E6955D3D9}.Release|x64.Build.0 = Release|Any CPU
		{999B7BC1-2187-4779-BAC9-311E6955D3D9}.Release|x86.ActiveCfg = Release|Any CPU
		{999B7BC1-2187-4779-BAC9-311E6955D3D9}.Release|x86.Build.0 = Release|Any CPU
		{5AE08C9D-5B4B-46FE-AFE7-87796536823F}.Debug|Any CPU.ActiveCfg = Debug|Any CPU
		{5AE08C9D-5B4B-46FE-AFE7-87796536823F}.Debug|Any CPU.Build.0 = Debug|Any CPU
		{5AE08C9D-5B4B-46FE-AFE7-87796536823F}.Debug|x64.ActiveCfg = Debug|Any CPU
		{5AE08C9D-5B4B-46FE-AFE7-87796536823F}.Debug|x64.Build.0 = Debug|Any CPU
		{5AE08C9D-5B4B-46FE-AFE7-87796536823F}.Debug|x86.ActiveCfg = Debug|Any CPU
		{5AE08C9D-5B4B-46FE-AFE7-87796536823F}.Debug|x86.Build.0 = Debug|Any CPU
		{5AE08C9D-5B4B-46FE-AFE7-87796536823F}.Release|Any CPU.ActiveCfg = Release|Any CPU
		{5AE08C9D-5B4B-46FE-AFE7-87796536823F}.Release|Any CPU.Build.0 = Release|Any CPU
		{5AE08C9D-5B4B-46FE-AFE7-87796536823F}.Release|x64.ActiveCfg = Release|Any CPU
		{5AE08C9D-5B4B-46FE-AFE7-87796536823F}.Release|x64.Build.0 = Release|Any CPU
		{5AE08C9D-5B4B-46FE-AFE7-87796536823F}.Release|x86.ActiveCfg = Release|Any CPU
		{5AE08C9D-5B4B-46FE-AFE7-87796536823F}.Release|x86.Build.0 = Release|Any CPU
	EndGlobalSection
	GlobalSection(NestedProjects) = preSolution
		{D2F7E48A-E3BA-4EB3-8190-36BE3A59AA16} = {8EF5C875-5D77-4429-98D7-E8846C91E42C}
		{B1834674-8ED9-47E7-824C-37701F482A76} = {D2F7E48A-E3BA-4EB3-8190-36BE3A59AA16}
		{757EE5F9-DA78-4307-AC37-B7D9E57D8793} = {8EF5C875-5D77-4429-98D7-E8846C91E42C}
		{63C029EE-1501-44A1-88EB-3E08CC1C2C65} = {757EE5F9-DA78-4307-AC37-B7D9E57D8793}
		{96ACB353-2D9F-4A4C-A886-3E8DDD505965} = {8EF5C875-5D77-4429-98D7-E8846C91E42C}
		{999B7BC1-2187-4779-BAC9-311E6955D3D9} = {96ACB353-2D9F-4A4C-A886-3E8DDD505965}
		{2261C871-32EB-4190-B6D6-B49BAC5E0252} = {8EF5C875-5D77-4429-98D7-E8846C91E42C}
		{5AE08C9D-5B4B-46FE-AFE7-87796536823F} = {2261C871-32EB-4190-B6D6-B49BAC5E0252}
	EndGlobalSection
EndGlobal
