
Microsoft Visual Studio Solution File, Format Version 12.00
# Visual Studio 15
VisualStudioVersion = 15.0.26124.0
MinimumVisualStudioVersion = 15.0.26124.0
Project("{2150E333-8FDC-42A3-9474-1A3956D46DE8}") = "application", "application", "{04473BEC-6B27-44BE-84CF-99DF4FDA2F0E}"
EndProject
Project("{FAE04EC0-301F-11D3-BF4B-00C04F79EFBC}") = "DCMW.Application", "application\DCMW.Application\DCMW.Application.csproj", "{4B0FE694-74F4-4DC0-AFF6-A567139C715B}"
EndProject
Project("{2150E333-8FDC-42A3-9474-1A3956D46DE8}") = "domain", "domain", "{DF04B9A9-F184-4E1E-9B18-4947DE4F5C95}"
EndProject
Project("{FAE04EC0-301F-11D3-BF4B-00C04F79EFBC}") = "DCMW.Domain", "domain\DCMW.Domain\DCMW.Domain.csproj", "{122F6FD6-C883-41FD-8B5C-916E94B78F61}"
EndProject
Project("{2150E333-8FDC-42A3-9474-1A3956D46DE8}") = "infrastructure", "infrastructure", "{306FA4E3-E597-4741-8C77-7958BC7FD3BC}"
EndProject
Project("{FAE04EC0-301F-11D3-BF4B-00C04F79EFBC}") = "DCMW.Infrastructure", "infrastructure\DCMW.Infrastructure\DCMW.Infrastructure.csproj", "{6C73D2A9-75B8-4C24-8C04-E649127BE322}"
EndProject
Project("{2150E333-8FDC-42A3-9474-1A3956D46DE8}") = "presenter", "presenter", "{DC15BDF7-7F6A-49F9-8E5A-21C3A07FF300}"
EndProject
Project("{FAE04EC0-301F-11D3-BF4B-00C04F79EFBC}") = "DCMW.API", "presenter\DCMW.API\DCMW.API.csproj", "{384A6375-AD38-45C9-9CF1-34816387AF39}"
EndProject
Project("{2150E333-8FDC-42A3-9474-1A3956D46DE8}") = "shared", "shared", "{ED38A09A-19E0-4FC1-B3CB-94CB9653E743}"
EndProject
Project("{FAE04EC0-301F-11D3-BF4B-00C04F79EFBC}") = "DCMW.Shared", "shared\DCMW.Shared\DCMW.Shared.csproj", "{133AFA6C-47EC-46E4-8A32-0FA0DD8917D5}"
EndProject
Global
	GlobalSection(SolutionConfigurationPlatforms) = preSolution
		Debug|Any CPU = Debug|Any CPU
		Debug|x64 = Debug|x64
		Debug|x86 = Debug|x86
		Release|Any CPU = Release|Any CPU
		Release|x64 = Release|x64
		Release|x86 = Release|x86
	EndGlobalSection
	GlobalSection(SolutionProperties) = preSolution
		HideSolutionNode = FALSE
	EndGlobalSection
	GlobalSection(ProjectConfigurationPlatforms) = postSolution
		{4B0FE694-74F4-4DC0-AFF6-A567139C715B}.Debug|Any CPU.ActiveCfg = Debug|Any CPU
		{4B0FE694-74F4-4DC0-AFF6-A567139C715B}.Debug|Any CPU.Build.0 = Debug|Any CPU
		{4B0FE694-74F4-4DC0-AFF6-A567139C715B}.Debug|x64.ActiveCfg = Debug|Any CPU
		{4B0FE694-74F4-4DC0-AFF6-A567139C715B}.Debug|x64.Build.0 = Debug|Any CPU
		{4B0FE694-74F4-4DC0-AFF6-A567139C715B}.Debug|x86.ActiveCfg = Debug|Any CPU
		{4B0FE694-74F4-4DC0-AFF6-A567139C715B}.Debug|x86.Build.0 = Debug|Any CPU
		{4B0FE694-74F4-4DC0-AFF6-A567139C715B}.Release|Any CPU.ActiveCfg = Release|Any CPU
		{4B0FE694-74F4-4DC0-AFF6-A567139C715B}.Release|Any CPU.Build.0 = Release|Any CPU
		{4B0FE694-74F4-4DC0-AFF6-A567139C715B}.Release|x64.ActiveCfg = Release|Any CPU
		{4B0FE694-74F4-4DC0-AFF6-A567139C715B}.Release|x64.Build.0 = Release|Any CPU
		{4B0FE694-74F4-4DC0-AFF6-A567139C715B}.Release|x86.ActiveCfg = Release|Any CPU
		{4B0FE694-74F4-4DC0-AFF6-A567139C715B}.Release|x86.Build.0 = Release|Any CPU
		{122F6FD6-C883-41FD-8B5C-916E94B78F61}.Debug|Any CPU.ActiveCfg = Debug|Any CPU
		{122F6FD6-C883-41FD-8B5C-916E94B78F61}.Debug|Any CPU.Build.0 = Debug|Any CPU
		{122F6FD6-C883-41FD-8B5C-916E94B78F61}.Debug|x64.ActiveCfg = Debug|Any CPU
		{122F6FD6-C883-41FD-8B5C-916E94B78F61}.Debug|x64.Build.0 = Debug|Any CPU
		{122F6FD6-C883-41FD-8B5C-916E94B78F61}.Debug|x86.ActiveCfg = Debug|Any CPU
		{122F6FD6-C883-41FD-8B5C-916E94B78F61}.Debug|x86.Build.0 = Debug|Any CPU
		{122F6FD6-C883-41FD-8B5C-916E94B78F61}.Release|Any CPU.ActiveCfg = Release|Any CPU
		{122F6FD6-C883-41FD-8B5C-916E94B78F61}.Release|Any CPU.Build.0 = Release|Any CPU
		{122F6FD6-C883-41FD-8B5C-916E94B78F61}.Release|x64.ActiveCfg = Release|Any CPU
		{122F6FD6-C883-41FD-8B5C-916E94B78F61}.Release|x64.Build.0 = Release|Any CPU
		{122F6FD6-C883-41FD-8B5C-916E94B78F61}.Release|x86.ActiveCfg = Release|Any CPU
		{122F6FD6-C883-41FD-8B5C-916E94B78F61}.Release|x86.Build.0 = Release|Any CPU
		{6C73D2A9-75B8-4C24-8C04-E649127BE322}.Debug|Any CPU.ActiveCfg = Debug|Any CPU
		{6C73D2A9-75B8-4C24-8C04-E649127BE322}.Debug|Any CPU.Build.0 = Debug|Any CPU
		{6C73D2A9-75B8-4C24-8C04-E649127BE322}.Debug|x64.ActiveCfg = Debug|Any CPU
		{6C73D2A9-75B8-4C24-8C04-E649127BE322}.Debug|x64.Build.0 = Debug|Any CPU
		{6C73D2A9-75B8-4C24-8C04-E649127BE322}.Debug|x86.ActiveCfg = Debug|Any CPU
		{6C73D2A9-75B8-4C24-8C04-E649127BE322}.Debug|x86.Build.0 = Debug|Any CPU
		{6C73D2A9-75B8-4C24-8C04-E649127BE322}.Release|Any CPU.ActiveCfg = Release|Any CPU
		{6C73D2A9-75B8-4C24-8C04-E649127BE322}.Release|Any CPU.Build.0 = Release|Any CPU
		{6C73D2A9-75B8-4C24-8C04-E649127BE322}.Release|x64.ActiveCfg = Release|Any CPU
		{6C73D2A9-75B8-4C24-8C04-E649127BE322}.Release|x64.Build.0 = Release|Any CPU
		{6C73D2A9-75B8-4C24-8C04-E649127BE322}.Release|x86.ActiveCfg = Release|Any CPU
		{6C73D2A9-75B8-4C24-8C04-E649127BE322}.Release|x86.Build.0 = Release|Any CPU
		{384A6375-AD38-45C9-9CF1-34816387AF39}.Debug|Any CPU.ActiveCfg = Debug|Any CPU
		{384A6375-AD38-45C9-9CF1-34816387AF39}.Debug|Any CPU.Build.0 = Debug|Any CPU
		{384A6375-AD38-45C9-9CF1-34816387AF39}.Debug|x64.ActiveCfg = Debug|Any CPU
		{384A6375-AD38-45C9-9CF1-34816387AF39}.Debug|x64.Build.0 = Debug|Any CPU
		{384A6375-AD38-45C9-9CF1-34816387AF39}.Debug|x86.ActiveCfg = Debug|Any CPU
		{384A6375-AD38-45C9-9CF1-34816387AF39}.Debug|x86.Build.0 = Debug|Any CPU
		{384A6375-AD38-45C9-9CF1-34816387AF39}.Release|Any CPU.ActiveCfg = Release|Any CPU
		{384A6375-AD38-45C9-9CF1-34816387AF39}.Release|Any CPU.Build.0 = Release|Any CPU
		{384A6375-AD38-45C9-9CF1-34816387AF39}.Release|x64.ActiveCfg = Release|Any CPU
		{384A6375-AD38-45C9-9CF1-34816387AF39}.Release|x64.Build.0 = Release|Any CPU
		{384A6375-AD38-45C9-9CF1-34816387AF39}.Release|x86.ActiveCfg = Release|Any CPU
		{384A6375-AD38-45C9-9CF1-34816387AF39}.Release|x86.Build.0 = Release|Any CPU
		{133AFA6C-47EC-46E4-8A32-0FA0DD8917D5}.Debug|Any CPU.ActiveCfg = Debug|Any CPU
		{133AFA6C-47EC-46E4-8A32-0FA0DD8917D5}.Debug|Any CPU.Build.0 = Debug|Any CPU
		{133AFA6C-47EC-46E4-8A32-0FA0DD8917D5}.Debug|x64.ActiveCfg = Debug|Any CPU
		{133AFA6C-47EC-46E4-8A32-0FA0DD8917D5}.Debug|x64.Build.0 = Debug|Any CPU
		{133AFA6C-47EC-46E4-8A32-0FA0DD8917D5}.Debug|x86.ActiveCfg = Debug|Any CPU
		{133AFA6C-47EC-46E4-8A32-0FA0DD8917D5}.Debug|x86.Build.0 = Debug|Any CPU
		{133AFA6C-47EC-46E4-8A32-0FA0DD8917D5}.Release|Any CPU.ActiveCfg = Release|Any CPU
		{133AFA6C-47EC-46E4-8A32-0FA0DD8917D5}.Release|Any CPU.Build.0 = Release|Any CPU
		{133AFA6C-47EC-46E4-8A32-0FA0DD8917D5}.Release|x64.ActiveCfg = Release|Any CPU
		{133AFA6C-47EC-46E4-8A32-0FA0DD8917D5}.Release|x64.Build.0 = Release|Any CPU
		{133AFA6C-47EC-46E4-8A32-0FA0DD8917D5}.Release|x86.ActiveCfg = Release|Any CPU
		{133AFA6C-47EC-46E4-8A32-0FA0DD8917D5}.Release|x86.Build.0 = Release|Any CPU
	EndGlobalSection
	GlobalSection(NestedProjects) = preSolution
		{4B0FE694-74F4-4DC0-AFF6-A567139C715B} = {04473BEC-6B27-44BE-84CF-99DF4FDA2F0E}
		{122F6FD6-C883-41FD-8B5C-916E94B78F61} = {DF04B9A9-F184-4E1E-9B18-4947DE4F5C95}
		{6C73D2A9-75B8-4C24-8C04-E649127BE322} = {306FA4E3-E597-4741-8C77-7958BC7FD3BC}
		{384A6375-AD38-45C9-9CF1-34816387AF39} = {DC15BDF7-7F6A-49F9-8E5A-21C3A07FF300}
		{133AFA6C-47EC-46E4-8A32-0FA0DD8917D5} = {ED38A09A-19E0-4FC1-B3CB-94CB9653E743}
	EndGlobalSection
EndGlobal
